
Microsoft Visual Studio Solution File, Format Version 12.00
Project("{2150E333-8FDC-42A3-9474-1A3956D46DE8}") = "FrontEnd", "FrontEnd", "{93E3AB2B-D847-4C51-9FBA-FEF6E9F06BE6}"
EndProject
Project("{2150E333-8FDC-42A3-9474-1A3956D46DE8}") = "Gateway", "Gateway", "{54BFC570-3249-4B50-BEF3-DD4F989BA8E7}"
EndProject
Project("{2150E333-8FDC-42A3-9474-1A3956D46DE8}") = "Integration", "Integration", "{9FB8BF25-8A7D-4DBD-A16F-1BDE05B9B772}"
EndProject
Project("{2150E333-8FDC-42A3-9474-1A3956D46DE8}") = "Services", "Services", "{84F0A4DD-D1C5-4D1E-AB74-6982F7EDA828}"
EndProject
Project("{FAE04EC0-301F-11D3-BF4B-00C04F79EFBC}") = "MicanoStore.Services.CouponAPI", "Services\MicanoStore.Services.CouponAPI\MicanoStore.Services.CouponAPI.csproj", "{6E5FE540-E22D-4B1B-B0D1-4C6288D23A7C}"
EndProject
Global
	GlobalSection(SolutionConfigurationPlatforms) = preSolution
		Debug|Any CPU = Debug|Any CPU
		Release|Any CPU = Release|Any CPU
	EndGlobalSection
	GlobalSection(NestedProjects) = preSolution
		{6E5FE540-E22D-4B1B-B0D1-4C6288D23A7C} = {84F0A4DD-D1C5-4D1E-AB74-6982F7EDA828}
	EndGlobalSection
	GlobalSection(ProjectConfigurationPlatforms) = postSolution
		{6E5FE540-E22D-4B1B-B0D1-4C6288D23A7C}.Debug|Any CPU.ActiveCfg = Debug|Any CPU
		{6E5FE540-E22D-4B1B-B0D1-4C6288D23A7C}.Debug|Any CPU.Build.0 = Debug|Any CPU
		{6E5FE540-E22D-4B1B-B0D1-4C6288D23A7C}.Release|Any CPU.ActiveCfg = Release|Any CPU
		{6E5FE540-E22D-4B1B-B0D1-4C6288D23A7C}.Release|Any CPU.Build.0 = Release|Any CPU
	EndGlobalSection
EndGlobal
